
Microsoft Visual Studio Solution File, Format Version 12.00
# Visual Studio Version 16
VisualStudioVersion = 16.0.30517.126
MinimumVisualStudioVersion = 10.0.40219.1
Project("{9A19103F-16F7-4668-BE54-9A1E7A4F7556}") = "Subtitler", "src\Subtitler\Subtitler.csproj", "{ED366B9A-397B-4C38-913E-5D3E5BA8E9FD}"
EndProject
Project("{9A19103F-16F7-4668-BE54-9A1E7A4F7556}") = "Subtitler.Core", "src\Subtitler.Core\Subtitler.Core\Subtitler.Core.csproj", "{DDFE06B6-D747-4B20-94D7-614C05D11257}"
EndProject
Project("{9A19103F-16F7-4668-BE54-9A1E7A4F7556}") = "Subtitler.ShellMenu", "src\Subtitler.ShellMenu\Subtitler.ShellMenu.csproj", "{FA73ECB4-BFAC-45DC-81CB-C7F293BFC098}"
EndProject
Global
	GlobalSection(SolutionConfigurationPlatforms) = preSolution
		Debug|Any CPU = Debug|Any CPU
		Debug|x64 = Debug|x64
		Debug|x86 = Debug|x86
		Release|Any CPU = Release|Any CPU
		Release|x64 = Release|x64
		Release|x86 = Release|x86
	EndGlobalSection
	GlobalSection(ProjectConfigurationPlatforms) = postSolution
		{ED366B9A-397B-4C38-913E-5D3E5BA8E9FD}.Debug|Any CPU.ActiveCfg = Debug|Any CPU
		{ED366B9A-397B-4C38-913E-5D3E5BA8E9FD}.Debug|Any CPU.Build.0 = Debug|Any CPU
		{ED366B9A-397B-4C38-913E-5D3E5BA8E9FD}.Debug|x64.ActiveCfg = Debug|x64
		{ED366B9A-397B-4C38-913E-5D3E5BA8E9FD}.Debug|x64.Build.0 = Debug|x64
		{ED366B9A-397B-4C38-913E-5D3E5BA8E9FD}.Debug|x86.ActiveCfg = Debug|x86
		{ED366B9A-397B-4C38-913E-5D3E5BA8E9FD}.Debug|x86.Build.0 = Debug|x86
		{ED366B9A-397B-4C38-913E-5D3E5BA8E9FD}.Release|Any CPU.ActiveCfg = Release|Any CPU
		{ED366B9A-397B-4C38-913E-5D3E5BA8E9FD}.Release|Any CPU.Build.0 = Release|Any CPU
		{ED366B9A-397B-4C38-913E-5D3E5BA8E9FD}.Release|x64.ActiveCfg = Release|x64
		{ED366B9A-397B-4C38-913E-5D3E5BA8E9FD}.Release|x64.Build.0 = Release|x64
		{ED366B9A-397B-4C38-913E-5D3E5BA8E9FD}.Release|x86.ActiveCfg = Release|x86
		{ED366B9A-397B-4C38-913E-5D3E5BA8E9FD}.Release|x86.Build.0 = Release|x86
		{DDFE06B6-D747-4B20-94D7-614C05D11257}.Debug|Any CPU.ActiveCfg = Debug|Any CPU
		{DDFE06B6-D747-4B20-94D7-614C05D11257}.Debug|Any CPU.Build.0 = Debug|Any CPU
		{DDFE06B6-D747-4B20-94D7-614C05D11257}.Debug|x64.ActiveCfg = Debug|x64
		{DDFE06B6-D747-4B20-94D7-614C05D11257}.Debug|x64.Build.0 = Debug|x64
		{DDFE06B6-D747-4B20-94D7-614C05D11257}.Debug|x86.ActiveCfg = Debug|x86
		{DDFE06B6-D747-4B20-94D7-614C05D11257}.Debug|x86.Build.0 = Debug|x86
		{DDFE06B6-D747-4B20-94D7-614C05D11257}.Release|Any CPU.ActiveCfg = Release|Any CPU
		{DDFE06B6-D747-4B20-94D7-614C05D11257}.Release|Any CPU.Build.0 = Release|Any CPU
		{DDFE06B6-D747-4B20-94D7-614C05D11257}.Release|x64.ActiveCfg = Release|x64
		{DDFE06B6-D747-4B20-94D7-614C05D11257}.Release|x64.Build.0 = Release|x64
		{DDFE06B6-D747-4B20-94D7-614C05D11257}.Release|x86.ActiveCfg = Release|x86
		{DDFE06B6-D747-4B20-94D7-614C05D11257}.Release|x86.Build.0 = Release|x86
		{82B46ABE-2B95-4BC2-8948-C8736E2198BC}.Debug|Any CPU.ActiveCfg = Debug|Any CPU
		{82B46ABE-2B95-4BC2-8948-C8736E2198BC}.Debug|Any CPU.Build.0 = Debug|Any CPU
		{82B46ABE-2B95-4BC2-8948-C8736E2198BC}.Debug|x64.ActiveCfg = Debug|x64
		{82B46ABE-2B95-4BC2-8948-C8736E2198BC}.Debug|x64.Build.0 = Debug|x64
		{82B46ABE-2B95-4BC2-8948-C8736E2198BC}.Debug|x86.ActiveCfg = Debug|x86
		{82B46ABE-2B95-4BC2-8948-C8736E2198BC}.Debug|x86.Build.0 = Debug|x86
		{82B46ABE-2B95-4BC2-8948-C8736E2198BC}.Release|Any CPU.ActiveCfg = Release|Any CPU
		{82B46ABE-2B95-4BC2-8948-C8736E2198BC}.Release|Any CPU.Build.0 = Release|Any CPU
		{82B46ABE-2B95-4BC2-8948-C8736E2198BC}.Release|x64.ActiveCfg = Release|x64
		{82B46ABE-2B95-4BC2-8948-C8736E2198BC}.Release|x64.Build.0 = Release|x64
		{82B46ABE-2B95-4BC2-8948-C8736E2198BC}.Release|x86.ActiveCfg = Release|x86
		{82B46ABE-2B95-4BC2-8948-C8736E2198BC}.Release|x86.Build.0 = Release|x86
		{FA73ECB4-BFAC-45DC-81CB-C7F293BFC098}.Debug|Any CPU.ActiveCfg = Debug|Any CPU
		{FA73ECB4-BFAC-45DC-81CB-C7F293BFC098}.Debug|Any CPU.Build.0 = Debug|Any CPU
		{FA73ECB4-BFAC-45DC-81CB-C7F293BFC098}.Debug|x64.ActiveCfg = Debug|x64
		{FA73ECB4-BFAC-45DC-81CB-C7F293BFC098}.Debug|x64.Build.0 = Debug|x64
		{FA73ECB4-BFAC-45DC-81CB-C7F293BFC098}.Debug|x86.ActiveCfg = Debug|x86
		{FA73ECB4-BFAC-45DC-81CB-C7F293BFC098}.Debug|x86.Build.0 = Debug|x86
		{FA73ECB4-BFAC-45DC-81CB-C7F293BFC098}.Release|Any CPU.ActiveCfg = Release|Any CPU
		{FA73ECB4-BFAC-45DC-81CB-C7F293BFC098}.Release|Any CPU.Build.0 = Release|Any CPU
		{FA73ECB4-BFAC-45DC-81CB-C7F293BFC098}.Release|x64.ActiveCfg = Release|x64
		{FA73ECB4-BFAC-45DC-81CB-C7F293BFC098}.Release|x64.Build.0 = Release|x64
		{FA73ECB4-BFAC-45DC-81CB-C7F293BFC098}.Release|x86.ActiveCfg = Release|x86
		{FA73ECB4-BFAC-45DC-81CB-C7F293BFC098}.Release|x86.Build.0 = Release|x86
	EndGlobalSection
	GlobalSection(SolutionProperties) = preSolution
		HideSolutionNode = FALSE
	EndGlobalSection
	GlobalSection(ExtensibilityGlobals) = postSolution
		SolutionGuid = {2A644ED8-AA98-4638-B03E-A4070D18A0B8}
	EndGlobalSection
EndGlobal
