
Microsoft Visual Studio Solution File, Format Version 12.00
# Visual Studio Version 16
VisualStudioVersion = 16.0.30517.126
MinimumVisualStudioVersion = 10.0.40219.1
Project("{FAE04EC0-301F-11D3-BF4B-00C04F79EFBC}") = "Subtitler", "Subtitler\Subtitler.csproj", "{ED366B9A-397B-4C38-913E-5D3E5BA8E9FD}"
EndProject
Global
	GlobalSection(SolutionConfigurationPlatforms) = preSolution
		Debug|Any CPU = Debug|Any CPU
		Release|Any CPU = Release|Any CPU
	EndGlobalSection
	GlobalSection(ProjectConfigurationPlatforms) = postSolution
		{ED366B9A-397B-4C38-913E-5D3E5BA8E9FD}.Debug|Any CPU.ActiveCfg = Debug|Any CPU
		{ED366B9A-397B-4C38-913E-5D3E5BA8E9FD}.Debug|Any CPU.Build.0 = Debug|Any CPU
		{ED366B9A-397B-4C38-913E-5D3E5BA8E9FD}.Release|Any CPU.ActiveCfg = Release|Any CPU
		{ED366B9A-397B-4C38-913E-5D3E5BA8E9FD}.Release|Any CPU.Build.0 = Release|Any CPU
	EndGlobalSection
	GlobalSection(SolutionProperties) = preSolution
		HideSolutionNode = FALSE
	EndGlobalSection
	GlobalSection(ExtensibilityGlobals) = postSolution
		SolutionGuid = {2A644ED8-AA98-4638-B03E-A4070D18A0B8}
	EndGlobalSection
EndGlobal
